
Microsoft Visual Studio Solution File, Format Version 12.00
# Visual Studio Version 17
VisualStudioVersion = 17.8.34330.188
MinimumVisualStudioVersion = 10.0.40219.1
Project("{9A19103F-16F7-4668-BE54-9A1E7A4F7556}") = "Sudoku", "Sudoku.csproj", "{0F3ECFD9-A73A-46A0-B830-03C39CE201EF}"
EndProject
Global
	GlobalSection(SolutionConfigurationPlatforms) = preSolution
		Debug|Any CPU = Debug|Any CPU
		Release|Any CPU = Release|Any CPU
	EndGlobalSection
	GlobalSection(ProjectConfigurationPlatforms) = postSolution
		{0F3ECFD9-A73A-46A0-B830-03C39CE201EF}.Debug|Any CPU.ActiveCfg = Debug|Any CPU
		{0F3ECFD9-A73A-46A0-B830-03C39CE201EF}.Debug|Any CPU.Build.0 = Debug|Any CPU
		{0F3ECFD9-A73A-46A0-B830-03C39CE201EF}.Release|Any CPU.ActiveCfg = Release|Any CPU
		{0F3ECFD9-A73A-46A0-B830-03C39CE201EF}.Release|Any CPU.Build.0 = Release|Any CPU
	EndGlobalSection
	GlobalSection(SolutionProperties) = preSolution
		HideSolutionNode = FALSE
	EndGlobalSection
	GlobalSection(ExtensibilityGlobals) = postSolution
		SolutionGuid = {003722FA-35F2-43AB-BC02-D416D54EF244}
	EndGlobalSection
EndGlobal
